{
  "name": "hugo-scroll",
  "version": "1.0.0",
  "lockfileVersion": 1,
  "requires": true,
  "dependencies": {
    "prettier": {
      "version": "2.1.1",
      "resolved": "https://registry.npmjs.org/prettier/-/prettier-2.1.1.tgz",
      "integrity": "sha512-9bY+5ZWCfqj3ghYBLxApy2zf6m+NJo5GzmLTpr9FsApsfjriNnS2dahWReHMi7qNPhhHl9SYHJs2cHZLgexNIw==",
      "dev": true
    },
    "prettier-plugin-go-template": {
      "version": "0.0.11-beta.3",
      "resolved": "https://registry.npmjs.org/prettier-plugin-go-template/-/prettier-plugin-go-template-0.0.11-beta.3.tgz",
      "integrity": "sha512-/w+fLMvA3Ago10CRNtFe9V9DQekcfo+tB08U+3HF6FcMBnuLxHwVl04KGHhNqFUF017pTfua2Aq9cHGkT+QoFA==",
      "dev": true
    }
  }
}
